# THIS IS AN AUTOGENERATED FILE. DO NOT EDIT THIS FILE DIRECTLY.
# yarn lockfile v1


"@redis/bloom@1.2.0":
  version "1.2.0"
  resolved "https://registry.yarnpkg.com/@redis/bloom/-/bloom-1.2.0.tgz#d3fd6d3c0af3ef92f26767b56414a370c7b63b71"
  integrity sha512-HG2DFjYKbpNmVXsa0keLHp/3leGJz1mjh09f2RLGGLQZzSHpkmZWuwJbAvo3QcRY8p80m5+ZdXZdYOSBLlp7Cg==

"@redis/client@1.5.8":
  version "1.5.8"
  resolved "https://registry.yarnpkg.com/@redis/client/-/client-1.5.8.tgz#a375ba7861825bd0d2dc512282b8bff7b98dbcb1"
  integrity sha512-xzElwHIO6rBAqzPeVnCzgvrnBEcFL1P0w8P65VNLRkdVW8rOE58f52hdj0BDgmsdOm4f1EoXPZtH4Fh7M/qUpw==
  dependencies:
    cluster-key-slot "1.1.2"
    generic-pool "3.9.0"
    yallist "4.0.0"

"@redis/graph@1.1.0":
  version "1.1.0"
  resolved "https://registry.yarnpkg.com/@redis/graph/-/graph-1.1.0.tgz#cc2b82e5141a29ada2cce7d267a6b74baa6dd519"
  integrity sha512-16yZWngxyXPd+MJxeSr0dqh2AIOi8j9yXKcKCwVaKDbH3HTuETpDVPcLujhFYVPtYrngSco31BUcSa9TH31Gqg==

"@redis/json@1.0.4":
  version "1.0.4"
  resolved "https://registry.yarnpkg.com/@redis/json/-/json-1.0.4.tgz#f372b5f93324e6ffb7f16aadcbcb4e5c3d39bda1"
  integrity sha512-LUZE2Gdrhg0Rx7AN+cZkb1e6HjoSKaeeW8rYnt89Tly13GBI5eP4CwDVr+MY8BAYfCg4/N15OUrtLoona9uSgw==

"@redis/search@1.1.3":
  version "1.1.3"
  resolved "https://registry.yarnpkg.com/@redis/search/-/search-1.1.3.tgz#b5a6837522ce9028267fe6f50762a8bcfd2e998b"
  integrity sha512-4Dg1JjvCevdiCBTZqjhKkGoC5/BcB7k9j99kdMnaXFXg8x4eyOIVg9487CMv7/BUVkFLZCaIh8ead9mU15DNng==

"@redis/time-series@1.0.4":
  version "1.0.4"
  resolved "https://registry.yarnpkg.com/@redis/time-series/-/time-series-1.0.4.tgz#af85eb080f6934580e4d3b58046026b6c2b18717"
  integrity sha512-ThUIgo2U/g7cCuZavucQTQzA9g9JbDDY2f64u3AbAoz/8vE2lt2U37LamDUVChhaDA3IRT9R6VvJwqnUfTJzng==

"@typegoose/typegoose@^11.3.0":
  version "11.3.0"
  resolved "https://registry.yarnpkg.com/@typegoose/typegoose/-/typegoose-11.3.0.tgz#a04ed8bdca35cf511241ad04f2694343c65fbb89"
  integrity sha512-saBGFAYYfGqEIKdbai/qE29te0pbPoF1NJPIYd7Lwv1GAyMJusuwqMXgJuix2G25/8vZZz89Yimomwlwwlmy7w==
  dependencies:
    lodash "^4.17.20"
    loglevel "^1.8.1"
    reflect-metadata "^0.1.13"
    semver "^7.5.2"
    tslib "^2.5.3"

"@types/bcryptjs@^2.4.2":
  version "2.4.2"
  resolved "https://registry.yarnpkg.com/@types/bcryptjs/-/bcryptjs-2.4.2.tgz#e3530eac9dd136bfdfb0e43df2c4c5ce1f77dfae"
  integrity sha512-LiMQ6EOPob/4yUL66SZzu6Yh77cbzJFYll+ZfaPiPPFswtIlA/Fs1MzdKYA7JApHU49zQTbJGX3PDmCpIdDBRQ==

"@types/config@^3.3.0":
  version "3.3.0"
  resolved "https://registry.yarnpkg.com/@types/config/-/config-3.3.0.tgz#2b632cb37c639bf8d57054561f5a77d31dcebc1e"
  integrity sha512-9kZSbl3/X3TVNowLCu5HFQdQmD+4287Om55avknEYkuo6R2dDrsp/EXEHUFvfYeG7m1eJ0WYGj+cbcUIhARJAQ==

"@types/node@*", "@types/node@^20.1.2", "@types/node@^20.3.2":
  version "20.3.2"
  resolved "https://registry.yarnpkg.com/@types/node/-/node-20.3.2.tgz#fa6a90f2600e052a03c18b8cb3fd83dd4e599898"
  integrity sha512-vOBLVQeCQfIcF/2Y7eKFTqrMnizK5lRNQ7ykML/5RuwVXVWxYkgwS7xbt4B6fKCUPgbSL5FSsjHQpaGQP/dQmw==

"@types/semver@^7.5.0":
  version "7.5.0"
  resolved "https://registry.yarnpkg.com/@types/semver/-/semver-7.5.0.tgz#591c1ce3a702c45ee15f47a42ade72c2fd78978a"
  integrity sha512-G8hZ6XJiHnuhQKR7ZmysCeJWE08o8T0AXtk5darsCaTVsYZhhgUrq53jizaR2FvsoeCwJhlmwTjkXBY5Pn/ZHw==

"@types/validator@^13.7.10":
  version "13.7.17"
  resolved "https://registry.yarnpkg.com/@types/validator/-/validator-13.7.17.tgz#0a6d1510395065171e3378a4afc587a3aefa7cc1"
  integrity sha512-aqayTNmeWrZcvnG2MG9eGYI6b7S5fl+yKgPs6bAjOTwPS316R5SxBGKvtSExfyoJU7pIeHJfsHI0Ji41RVMkvQ==

"@types/webidl-conversions@*":
  version "7.0.0"
  resolved "https://registry.yarnpkg.com/@types/webidl-conversions/-/webidl-conversions-7.0.0.tgz#2b8e60e33906459219aa587e9d1a612ae994cfe7"
  integrity sha512-xTE1E+YF4aWPJJeUzaZI5DRntlkY3+BCVJi0axFptnjGmAoWxkyREIh/XMrfxVLejwQxMCfDXdICo0VLxThrog==

"@types/whatwg-url@^8.2.1":
  version "8.2.2"
  resolved "https://registry.yarnpkg.com/@types/whatwg-url/-/whatwg-url-8.2.2.tgz#749d5b3873e845897ada99be4448041d4cc39e63"
  integrity sha512-FtQu10RWgn3D9U4aazdwIE2yzphmTJREDqNdODHrbrZmmMqI0vMheC/6NE/J1Yveaj8H+ela+YwWTjq5PGmuhA==
  dependencies:
    "@types/node" "*"
    "@types/webidl-conversions" "*"

bcryptjs@^2.4.3:
  version "2.4.3"
  resolved "https://registry.yarnpkg.com/bcryptjs/-/bcryptjs-2.4.3.tgz#9ab5627b93e60621ff7cdac5da9733027df1d0cb"
  integrity sha512-V/Hy/X9Vt7f3BbPJEi8BdVFMByHi+jNXrYkW3huaybV/kQ0KJg0Y6PkEMbn+zeT+i+SiKZ/HMqJGIIt4LZDqNQ==

bson@^5.3.0:
  version "5.3.0"
  resolved "https://registry.yarnpkg.com/bson/-/bson-5.3.0.tgz#37b006df4cd91ed125cb686467c1dd6d4606b514"
  integrity sha512-ukmCZMneMlaC5ebPHXIkP8YJzNl5DC41N5MAIvKDqLggdao342t4McltoJBQfQya/nHBWAcSsYRqlXPoQkTJag==

class-validator@^0.14.0:
  version "0.14.0"
  resolved "https://registry.yarnpkg.com/class-validator/-/class-validator-0.14.0.tgz#40ed0ecf3c83b2a8a6a320f4edb607be0f0df159"
  integrity sha512-ct3ltplN8I9fOwUd8GrP8UQixwff129BkEtuWDKL5W45cQuLd19xqmTLu5ge78YDm/fdje6FMt0hGOhl0lii3A==
  dependencies:
    "@types/validator" "^13.7.10"
    libphonenumber-js "^1.10.14"
    validator "^13.7.0"

cluster-key-slot@1.1.2:
  version "1.1.2"
  resolved "https://registry.yarnpkg.com/cluster-key-slot/-/cluster-key-slot-1.1.2.tgz#88ddaa46906e303b5de30d3153b7d9fe0a0c19ac"
  integrity sha512-RMr0FhtfXemyinomL4hrWcYJxmX6deFdCxpJzhDttxgO1+bcCnkk+9drydLVDmAMG7NE6aN/fl4F7ucU/90gAA==

config@^3.3.9:
  version "3.3.9"
  resolved "https://registry.yarnpkg.com/config/-/config-3.3.9.tgz#27fae95b43e0e1d5723e54143c090954d8e49572"
  integrity sha512-G17nfe+cY7kR0wVpc49NCYvNtelm/pPy8czHoFkAgtV1lkmcp7DHtWCdDu+C9Z7gb2WVqa9Tm3uF9aKaPbCfhg==
  dependencies:
    json5 "^2.2.3"

debug@4.x:
  version "4.3.4"
  resolved "https://registry.yarnpkg.com/debug/-/debug-4.3.4.tgz#1319f6579357f2338d3337d2cdd4914bb5dcc865"
  integrity sha512-PRWFHuSU3eDtQJPvnNY7Jcket1j0t5OuOsFzPPzsekD52Zl8qUfFIPEiswXqIvHWGVHOgX+7G/vCNNhehwxfkQ==
  dependencies:
    ms "2.1.2"

dotenv@^16.3.1:
  version "16.3.1"
  resolved "https://registry.yarnpkg.com/dotenv/-/dotenv-16.3.1.tgz#369034de7d7e5b120972693352a3bf112172cc3e"
  integrity sha512-IPzF4w4/Rd94bA9imS68tZBaYyBWSCE47V1RGuMrB94iyTOIEwRmVL2x/4An+6mETpLrKJ5hQkB8W4kFAadeIQ==

generic-pool@3.9.0:
  version "3.9.0"
  resolved "https://registry.yarnpkg.com/generic-pool/-/generic-pool-3.9.0.tgz#36f4a678e963f4fdb8707eab050823abc4e8f5e4"
  integrity sha512-hymDOu5B53XvN4QT9dBmZxPX4CWhBPPLguTZ9MMFeFa/Kg0xWVfylOVNlJji/E7yTZWFd/q9GO5TxDLq156D7g==

graphql-query-complexity@^0.12.0:
  version "0.12.0"
  resolved "https://registry.yarnpkg.com/graphql-query-complexity/-/graphql-query-complexity-0.12.0.tgz#5f636ccc54da82225f31e898e7f27192fe074b4c"
  integrity sha512-fWEyuSL6g/+nSiIRgIipfI6UXTI7bAxrpPlCY1c0+V3pAEUo1ybaKmSBgNr1ed2r+agm1plJww8Loig9y6s2dw==
  dependencies:
    lodash.get "^4.4.2"

graphql-subscriptions@^2.0.0:
  version "2.0.0"
  resolved "https://registry.yarnpkg.com/graphql-subscriptions/-/graphql-subscriptions-2.0.0.tgz#11ec181d475852d8aec879183e8e1eb94f2eb79a"
  integrity sha512-s6k2b8mmt9gF9pEfkxsaO1lTxaySfKoEJzEfmwguBbQ//Oq23hIXCfR1hm4kdh5hnR20RdwB+s3BCb+0duHSZA==
  dependencies:
    iterall "^1.3.0"

ip@^2.0.0:
  version "2.0.0"
  resolved "https://registry.yarnpkg.com/ip/-/ip-2.0.0.tgz#4cf4ab182fee2314c75ede1276f8c80b479936da"
  integrity sha512-WKa+XuLG1A1R0UWhl2+1XQSi+fZWMsYKffMZTTYsiZaUD8k2yDAj5atimTUD2TZkyCkNEeYE5NhFZmupOGtjYQ==

iterall@^1.3.0:
  version "1.3.0"
  resolved "https://registry.yarnpkg.com/iterall/-/iterall-1.3.0.tgz#afcb08492e2915cbd8a0884eb93a8c94d0d72fea"
  integrity sha512-QZ9qOMdF+QLHxy1QIpUHUU1D5pS2CG2P69LF6L6CPjPYA/XMOmKV3PZpawHoAjHNyB0swdVTRxdYT4tbBbxqwg==

json5@^2.2.3:
  version "2.2.3"
  resolved "https://registry.yarnpkg.com/json5/-/json5-2.2.3.tgz#78cd6f1a19bdc12b73db5ad0c61efd66c1e29283"
  integrity sha512-XmOWe7eyHYH14cLdVPoyg+GOH3rYX++KpzrylJwSW98t3Nk+U8XOl8FWKOgwtzdb8lXGf6zYwDUzeHMWfxasyg==

kareem@2.5.1:
  version "2.5.1"
  resolved "https://registry.yarnpkg.com/kareem/-/kareem-2.5.1.tgz#7b8203e11819a8e77a34b3517d3ead206764d15d"
  integrity sha512-7jFxRVm+jD+rkq3kY0iZDJfsO2/t4BBPeEb2qKn2lR/9KhuksYk5hxzfRYWMPV8P/x2d0kHD306YyWLzjjH+uA==

libphonenumber-js@^1.10.14:
  version "1.10.37"
  resolved "https://registry.yarnpkg.com/libphonenumber-js/-/libphonenumber-js-1.10.37.tgz#185264130c9375f17d0c487a288223294579929c"
  integrity sha512-Z10PCaOCiAxbUxLyR31DNeeNugSVP6iv/m7UrSKS5JHziEMApJtgku4e9Q69pzzSC9LnQiM09sqsGf2ticZnMw==

lodash.get@^4.4.2:
  version "4.4.2"
  resolved "https://registry.yarnpkg.com/lodash.get/-/lodash.get-4.4.2.tgz#2d177f652fa31e939b4438d5341499dfa3825e99"
  integrity sha512-z+Uw/vLuy6gQe8cfaFWD7p0wVv8fJl3mbzXh33RS+0oW2wvUqiRXiQ69gLWSLpgB5/6sU+r6BlQR0MBILadqTQ==

lodash@^4.17.20:
  version "4.17.21"
  resolved "https://registry.yarnpkg.com/lodash/-/lodash-4.17.21.tgz#679591c564c3bffaae8454cf0b3df370c3d6911c"
  integrity sha512-v2kDEe57lecTulaDIuNTPy3Ry4gLGJ6Z1O3vE1krgXZNrsQ+LFTGHVxVjcXPs17LhbZVGedAJv8XZ1tvj5FvSg==

loglevel@^1.8.1:
  version "1.8.1"
  resolved "https://registry.yarnpkg.com/loglevel/-/loglevel-1.8.1.tgz#5c621f83d5b48c54ae93b6156353f555963377b4"
  integrity sha512-tCRIJM51SHjAayKwC+QAg8hT8vg6z7GSgLJKGvzuPb1Wc+hLzqtuVLxp6/HzSPOozuK+8ErAhy7U/sVzw8Dgfg==

lru-cache@^6.0.0:
  version "6.0.0"
  resolved "https://registry.yarnpkg.com/lru-cache/-/lru-cache-6.0.0.tgz#6d6fe6570ebd96aaf90fcad1dafa3b2566db3a94"
  integrity sha512-Jo6dJ04CmSjuznwJSS3pUeWmd/H0ffTlkXXgwZi+eq1UCmqQwCh+eLsYOYCwY991i2Fah4h1BEMCx4qThGbsiA==
  dependencies:
    yallist "^4.0.0"

memory-pager@^1.0.2:
  version "1.5.0"
  resolved "https://registry.yarnpkg.com/memory-pager/-/memory-pager-1.5.0.tgz#d8751655d22d384682741c972f2c3d6dfa3e66b5"
  integrity sha512-ZS4Bp4r/Zoeq6+NLJpP+0Zzm0pR8whtGPf1XExKLJBAczGMnSi3It14OiNCStjQjM6NU1okjQGSxgEZN8eBYKg==

mongodb-connection-string-url@^2.6.0:
  version "2.6.0"
  resolved "https://registry.yarnpkg.com/mongodb-connection-string-url/-/mongodb-connection-string-url-2.6.0.tgz#57901bf352372abdde812c81be47b75c6b2ec5cf"
  integrity sha512-WvTZlI9ab0QYtTYnuMLgobULWhokRjtC7db9LtcVfJ+Hsnyr5eo6ZtNAt3Ly24XZScGMelOcGtm7lSn0332tPQ==
  dependencies:
    "@types/whatwg-url" "^8.2.1"
    whatwg-url "^11.0.0"

mongodb@5.6.0:
  version "5.6.0"
  resolved "https://registry.yarnpkg.com/mongodb/-/mongodb-5.6.0.tgz#caff5278341bfc0f1ef6f394bb403d207de03d1e"
  integrity sha512-z8qVs9NfobHJm6uzK56XBZF8XwM9H294iRnB7wNjF0SnY93si5HPziIJn+qqvUR5QOff/4L0gCD6SShdR/GtVQ==
  dependencies:
    bson "^5.3.0"
    mongodb-connection-string-url "^2.6.0"
    socks "^2.7.1"
  optionalDependencies:
    saslprep "^1.0.3"

mongoose@^7.3.1:
  version "7.3.1"
  resolved "https://registry.yarnpkg.com/mongoose/-/mongoose-7.3.1.tgz#833bfc29a4f5cc7c4eacf4b1495d1ebe206ec409"
  integrity sha512-6289bmSIhvR8xMHsYe2/CuzN7wHK+2RHcK7idDdzniCPC5zix5JH0Hc4k3CmXlr/9zQ2250gUQiUWtvDB0vF1Q==
  dependencies:
    bson "^5.3.0"
    kareem "2.5.1"
    mongodb "5.6.0"
    mpath "0.9.0"
    mquery "5.0.0"
    ms "2.1.3"
    sift "16.0.1"

mpath@0.9.0:
  version "0.9.0"
  resolved "https://registry.yarnpkg.com/mpath/-/mpath-0.9.0.tgz#0c122fe107846e31fc58c75b09c35514b3871904"
  integrity sha512-ikJRQTk8hw5DEoFVxHG1Gn9T/xcjtdnOKIU1JTmGjZZlg9LST2mBLmcX3/ICIbgJydT2GOc15RnNy5mHmzfSew==

mquery@5.0.0:
  version "5.0.0"
  resolved "https://registry.yarnpkg.com/mquery/-/mquery-5.0.0.tgz#a95be5dfc610b23862df34a47d3e5d60e110695d"
  integrity sha512-iQMncpmEK8R8ncT8HJGsGc9Dsp8xcgYMVSbs5jgnm1lFHTZqMJTUWTDx1LBO8+mK3tPNZWFLBghQEIOULSTHZg==
  dependencies:
    debug "4.x"

ms@2.1.2:
  version "2.1.2"
  resolved "https://registry.yarnpkg.com/ms/-/ms-2.1.2.tgz#d09d1f357b443f493382a8eb3ccd183872ae6009"
  integrity sha512-sGkPx+VjMtmA6MX27oA4FBFELFCZZ4S4XqeGOXCv68tT+jb3vk/RyaKWP0PTKyWtmLSM0b+adUTEvbs1PEaH2w==

ms@2.1.3:
  version "2.1.3"
  resolved "https://registry.yarnpkg.com/ms/-/ms-2.1.3.tgz#574c8138ce1d2b5861f0b44579dbadd60c6615b2"
  integrity sha512-6FlzubTLZG3J2a/NVCAleEhjzq5oxgHyaCU9yYXvcLsvoVaHJq/s5xXI6/XXP6tz7R9xAOtHnSO/tXtF3WRTlA==

punycode@^2.1.1:
  version "2.3.0"
  resolved "https://registry.yarnpkg.com/punycode/-/punycode-2.3.0.tgz#f67fa67c94da8f4d0cfff981aee4118064199b8f"
  integrity sha512-rRV+zQD8tVFys26lAGR9WUuS4iUAngJScM+ZRSKtvl5tKeZ2t5bvdNFdNHBW9FWR4guGHlgmsZ1G7BSm2wTbuA==

redis@^4.6.7:
  version "4.6.7"
  resolved "https://registry.yarnpkg.com/redis/-/redis-4.6.7.tgz#c73123ad0b572776223f172ec78185adb72a6b57"
  integrity sha512-KrkuNJNpCwRm5vFJh0tteMxW8SaUzkm5fBH7eL5hd/D0fAkzvapxbfGPP/r+4JAXdQuX7nebsBkBqA2RHB7Usw==
  dependencies:
    "@redis/bloom" "1.2.0"
    "@redis/client" "1.5.8"
    "@redis/graph" "1.1.0"
    "@redis/json" "1.0.4"
    "@redis/search" "1.1.3"
    "@redis/time-series" "1.0.4"

reflect-metadata@^0.1.13:
  version "0.1.13"
  resolved "https://registry.yarnpkg.com/reflect-metadata/-/reflect-metadata-0.1.13.tgz#67ae3ca57c972a2aa1642b10fe363fe32d49dc08"
  integrity sha512-Ts1Y/anZELhSsjMcU605fU9RE4Oi3p5ORujwbIKXfWa+0Zxs510Qrmrce5/Jowq3cHSZSJqBjypxmHarc+vEWg==

saslprep@^1.0.3:
  version "1.0.3"
  resolved "https://registry.yarnpkg.com/saslprep/-/saslprep-1.0.3.tgz#4c02f946b56cf54297e347ba1093e7acac4cf226"
  integrity sha512-/MY/PEMbk2SuY5sScONwhUDsV2p77Znkb/q3nSVstq/yQzYJOH/Azh29p9oJLsl3LnQwSvZDKagDGBsBwSooag==
  dependencies:
    sparse-bitfield "^3.0.3"

semver@^7.5.0, semver@^7.5.2:
  version "7.5.3"
  resolved "https://registry.yarnpkg.com/semver/-/semver-7.5.3.tgz#161ce8c2c6b4b3bdca6caadc9fa3317a4c4fe88e"
  integrity sha512-QBlUtyVk/5EeHbi7X0fw6liDZc7BBmEaSYn01fMU1OUYbf6GPsbTtd8WmnqbI20SeycoHSeiybkE/q1Q+qlThQ==
  dependencies:
    lru-cache "^6.0.0"

sift@16.0.1:
  version "16.0.1"
  resolved "https://registry.yarnpkg.com/sift/-/sift-16.0.1.tgz#e9c2ccc72191585008cf3e36fc447b2d2633a053"
  integrity sha512-Wv6BjQ5zbhW7VFefWusVP33T/EM0vYikCaQ2qR8yULbsilAT8/wQaXvuQ3ptGLpoKx+lihJE3y2UTgKDyyNHZQ==

smart-buffer@^4.2.0:
  version "4.2.0"
  resolved "https://registry.yarnpkg.com/smart-buffer/-/smart-buffer-4.2.0.tgz#6e1d71fa4f18c05f7d0ff216dd16a481d0e8d9ae"
  integrity sha512-94hK0Hh8rPqQl2xXc3HsaBoOXKV20MToPkcXvwbISWLEs+64sBq5kFgn2kJDHb1Pry9yrP0dxrCI9RRci7RXKg==

socks@^2.7.1:
  version "2.7.1"
  resolved "https://registry.yarnpkg.com/socks/-/socks-2.7.1.tgz#d8e651247178fde79c0663043e07240196857d55"
  integrity sha512-7maUZy1N7uo6+WVEX6psASxtNlKaNVMlGQKkG/63nEDdLOWNbiUMoLK7X4uYoLhQstau72mLgfEWcXcwsaHbYQ==
  dependencies:
    ip "^2.0.0"
    smart-buffer "^4.2.0"

sparse-bitfield@^3.0.3:
  version "3.0.3"
  resolved "https://registry.yarnpkg.com/sparse-bitfield/-/sparse-bitfield-3.0.3.tgz#ff4ae6e68656056ba4b3e792ab3334d38273ca11"
  integrity sha512-kvzhi7vqKTfkh0PZU+2D2PIllw2ymqJKujUcyPMd9Y75Nv4nPbGJZXNhxsgdQab2BmlDct1YnfQCguEvHr7VsQ==
  dependencies:
    memory-pager "^1.0.2"

tr46@^3.0.0:
  version "3.0.0"
  resolved "https://registry.yarnpkg.com/tr46/-/tr46-3.0.0.tgz#555c4e297a950617e8eeddef633c87d4d9d6cbf9"
  integrity sha512-l7FvfAHlcmulp8kr+flpQZmVwtu7nfRV7NZujtN0OqES8EL4O4e0qqzL0DC5gAvx/ZC/9lk6rhcUwYvkBnBnYA==
  dependencies:
    punycode "^2.1.1"

tslib@^2.5.0, tslib@^2.5.3:
  version "2.6.0"
  resolved "https://registry.yarnpkg.com/tslib/-/tslib-2.6.0.tgz#b295854684dbda164e181d259a22cd779dcd7bc3"
  integrity sha512-7At1WUettjcSRHXCyYtTselblcHl9PJFFVKiCAy/bY97+BPZXSQ2wbq0P9s8tK2G7dFQfNnlJnPAiArVBVBsfA==

type-graphql@^2.0.0-beta.2:
  version "2.0.0-beta.2"
  resolved "https://registry.yarnpkg.com/type-graphql/-/type-graphql-2.0.0-beta.2.tgz#498e8dee56b8ea1f5c3a5ed99aab8105dcb8f050"
  integrity sha512-MCGxRvNADu5Wp9QEudI/WQgiqHJfjanGcKRk/ErCow6IaG04NNI7o3bjjxQVWC+qDundSOhmaquNdjDiiTbcqQ==
  dependencies:
    "@types/node" "^20.1.2"
    "@types/semver" "^7.5.0"
    graphql-query-complexity "^0.12.0"
    graphql-subscriptions "^2.0.0"
    semver "^7.5.0"
    tslib "^2.5.0"

typescript@^5.1.6:
  version "5.1.6"
  resolved "https://registry.yarnpkg.com/typescript/-/typescript-5.1.6.tgz#02f8ac202b6dad2c0dd5e0913745b47a37998274"
  integrity sha512-zaWCozRZ6DLEWAWFrVDz1H6FVXzUSfTy5FUMWsQlU8Ym5JP9eO4xkTIROFCQvhQf61z6O/G6ugw3SgAnvvm+HA==

validator@^13.7.0:
  version "13.9.0"
  resolved "https://registry.yarnpkg.com/validator/-/validator-13.9.0.tgz#33e7b85b604f3bbce9bb1a05d5c3e22e1c2ff855"
  integrity sha512-B+dGG8U3fdtM0/aNK4/X8CXq/EcxU2WPrPEkJGslb47qyHsxmbggTWK0yEA4qnYVNF+nxNlN88o14hIcPmSIEA==

webidl-conversions@^7.0.0:
  version "7.0.0"
  resolved "https://registry.yarnpkg.com/webidl-conversions/-/webidl-conversions-7.0.0.tgz#256b4e1882be7debbf01d05f0aa2039778ea080a"
  integrity sha512-VwddBukDzu71offAQR975unBIGqfKZpM+8ZX6ySk8nYhVoo5CYaZyzt3YBvYtRtO+aoGlqxPg/B87NGVZ/fu6g==

whatwg-url@^11.0.0:
  version "11.0.0"
  resolved "https://registry.yarnpkg.com/whatwg-url/-/whatwg-url-11.0.0.tgz#0a849eebb5faf2119b901bb76fd795c2848d4018"
  integrity sha512-RKT8HExMpoYx4igMiVMY83lN6UeITKJlBQ+vR/8ZJ8OCdSiN3RwCq+9gH0+Xzj0+5IrM6i4j/6LuvzbZIQgEcQ==
  dependencies:
    tr46 "^3.0.0"
    webidl-conversions "^7.0.0"

yallist@4.0.0, yallist@^4.0.0:
  version "4.0.0"
  resolved "https://registry.yarnpkg.com/yallist/-/yallist-4.0.0.tgz#9bb92790d9c0effec63be73519e11a35019a3a72"
  integrity sha512-3wdGidZyq5PB084XLES5TpOSRA3wjXAlIWMhum2kRcv/41Sn2emQ0dycQW4uZXLejwKvg6EsvbdlVL+FYEct7A==
